
Microsoft Visual Studio Solution File, Format Version 12.00
# Visual Studio 15
Project("{FAE04EC0-301F-11D3-BF4B-00C04F79EFBC}") = "Assembly-CSharp", "Assembly-CSharp.csproj", "{EAFA4D69-A996-9EE8-B1CE-DAA50B04A883}"
EndProject
Project("{FAE04EC0-301F-11D3-BF4B-00C04F79EFBC}") = "Assembly-CSharp-Editor", "Assembly-CSharp-Editor.csproj", "{A9BB1D5D-EF28-1ABA-F548-2F0774F8384C}"
EndProject
Global
	GlobalSection(SolutionConfigurationPlatforms) = preSolution
		Debug|Any CPU = Debug|Any CPU
		Release|Any CPU = Release|Any CPU
	EndGlobalSection
	GlobalSection(ProjectConfigurationPlatforms) = postSolution
		{EAFA4D69-A996-9EE8-B1CE-DAA50B04A883}.Debug|Any CPU.ActiveCfg = Debug|Any CPU
		{EAFA4D69-A996-9EE8-B1CE-DAA50B04A883}.Debug|Any CPU.Build.0 = Debug|Any CPU
		{EAFA4D69-A996-9EE8-B1CE-DAA50B04A883}.Release|Any CPU.ActiveCfg = Release|Any CPU
		{EAFA4D69-A996-9EE8-B1CE-DAA50B04A883}.Release|Any CPU.Build.0 = Release|Any CPU
		{A9BB1D5D-EF28-1ABA-F548-2F0774F8384C}.Debug|Any CPU.ActiveCfg = Debug|Any CPU
		{A9BB1D5D-EF28-1ABA-F548-2F0774F8384C}.Debug|Any CPU.Build.0 = Debug|Any CPU
		{A9BB1D5D-EF28-1ABA-F548-2F0774F8384C}.Release|Any CPU.ActiveCfg = Release|Any CPU
		{A9BB1D5D-EF28-1ABA-F548-2F0774F8384C}.Release|Any CPU.Build.0 = Release|Any CPU
	EndGlobalSection
	GlobalSection(SolutionProperties) = preSolution
		HideSolutionNode = FALSE
	EndGlobalSection
EndGlobal
